
Microsoft Visual Studio Solution File, Format Version 12.00
# Visual Studio Version 17
VisualStudioVersion = 17.2.32526.322
MinimumVisualStudioVersion = 10.0.40219.1
Project("{FAE04EC0-301F-11D3-BF4B-00C04F79EFBC}") = "parking", "parking\parking.csproj", "{4F61A876-8C4A-4462-AB02-D98EE0A6FC04}"
EndProject
Global
	GlobalSection(SolutionConfigurationPlatforms) = preSolution
		Debug|Any CPU = Debug|Any CPU
		Release|Any CPU = Release|Any CPU
	EndGlobalSection
	GlobalSection(ProjectConfigurationPlatforms) = postSolution
		{4F61A876-8C4A-4462-AB02-D98EE0A6FC04}.Debug|Any CPU.ActiveCfg = Debug|Any CPU
		{4F61A876-8C4A-4462-AB02-D98EE0A6FC04}.Debug|Any CPU.Build.0 = Debug|Any CPU
		{4F61A876-8C4A-4462-AB02-D98EE0A6FC04}.Release|Any CPU.ActiveCfg = Release|Any CPU
		{4F61A876-8C4A-4462-AB02-D98EE0A6FC04}.Release|Any CPU.Build.0 = Release|Any CPU
	EndGlobalSection
	GlobalSection(SolutionProperties) = preSolution
		HideSolutionNode = FALSE
	EndGlobalSection
	GlobalSection(ExtensibilityGlobals) = postSolution
		SolutionGuid = {93F519C4-F6A9-4173-8917-FC0557FABACB}
	EndGlobalSection
EndGlobal
